
Microsoft Visual Studio Solution File, Format Version 12.00
# Visual Studio Version 17
VisualStudioVersion = 17.11.35222.181
MinimumVisualStudioVersion = 10.0.40219.1
Project("{9A19103F-16F7-4668-BE54-9A1E7A4F7556}") = "Moneys", "Moneys\Moneys.csproj", "{EB9CDD03-4C42-40C8-968D-154CC4BDCA00}"
	ProjectSection(ProjectDependencies) = postProject
		{C9488735-0382-4532-8F2D-D19034BEF958} = {C9488735-0382-4532-8F2D-D19034BEF958}
	EndProjectSection
EndProject
Project("{9A19103F-16F7-4668-BE54-9A1E7A4F7556}") = "Moneys.DataAccess", "Moneys.DataAccess\Moneys.DataAccess.csproj", "{C9488735-0382-4532-8F2D-D19034BEF958}"
EndProject
Project("{FAE04EC0-301F-11D3-BF4B-00C04F79EFBC}") = "Moneys.Domain", "Moneys.Domain\Moneys.Domain.csproj", "{22191B72-6E2D-4A63-AE70-4449B587B0A9}"
EndProject
Global
	GlobalSection(SolutionConfigurationPlatforms) = preSolution
		Debug|Any CPU = Debug|Any CPU
		Release|Any CPU = Release|Any CPU
	EndGlobalSection
	GlobalSection(ProjectConfigurationPlatforms) = postSolution
		{EB9CDD03-4C42-40C8-968D-154CC4BDCA00}.Debug|Any CPU.ActiveCfg = Debug|Any CPU
		{EB9CDD03-4C42-40C8-968D-154CC4BDCA00}.Debug|Any CPU.Build.0 = Debug|Any CPU
		{EB9CDD03-4C42-40C8-968D-154CC4BDCA00}.Release|Any CPU.ActiveCfg = Release|Any CPU
		{EB9CDD03-4C42-40C8-968D-154CC4BDCA00}.Release|Any CPU.Build.0 = Release|Any CPU
		{C9488735-0382-4532-8F2D-D19034BEF958}.Debug|Any CPU.ActiveCfg = Debug|Any CPU
		{C9488735-0382-4532-8F2D-D19034BEF958}.Debug|Any CPU.Build.0 = Debug|Any CPU
		{C9488735-0382-4532-8F2D-D19034BEF958}.Release|Any CPU.ActiveCfg = Release|Any CPU
		{C9488735-0382-4532-8F2D-D19034BEF958}.Release|Any CPU.Build.0 = Release|Any CPU
		{22191B72-6E2D-4A63-AE70-4449B587B0A9}.Debug|Any CPU.ActiveCfg = Debug|Any CPU
		{22191B72-6E2D-4A63-AE70-4449B587B0A9}.Debug|Any CPU.Build.0 = Debug|Any CPU
		{22191B72-6E2D-4A63-AE70-4449B587B0A9}.Release|Any CPU.ActiveCfg = Release|Any CPU
		{22191B72-6E2D-4A63-AE70-4449B587B0A9}.Release|Any CPU.Build.0 = Release|Any CPU
	EndGlobalSection
	GlobalSection(SolutionProperties) = preSolution
		HideSolutionNode = FALSE
	EndGlobalSection
	GlobalSection(ExtensibilityGlobals) = postSolution
		SolutionGuid = {CC518DAF-E069-483B-9DD3-DD9F147DCCE4}
	EndGlobalSection
EndGlobal
